<?xml version="1.0" encoding="utf-8"?>
<Project ToolsVersion="4.0" xmlns="http://schemas.microsoft.com/developer/msbuild/2003">
  <ItemGroup>
    <ClInclude Include="cGameobject2D.h" />
    <ClInclude Include="cGameobject3D.h" />
    <ClInclude Include="cbController.h" />
  </ItemGroup>
  <ItemGroup>
    <ClCompile Include="cGameobject2D.cpp" />
    <ClCompile Include="cGameobject3D.cpp" />
  </ItemGroup>
</Project>